
Microsoft Visual Studio Solution File, Format Version 12.00
# Visual Studio Version 17
VisualStudioVersion = 17.3.32819.101
MinimumVisualStudioVersion = 10.0.40219.1
Project("{FAE04EC0-301F-11D3-BF4B-00C04F79EFBC}") = "Hyper", "Hyper\Hyper.csproj", "{6A0D22D8-A6E4-429C-AFE8-63B5AAD16854}"
EndProject
Global
	GlobalSection(SolutionConfigurationPlatforms) = preSolution
		Debug|Any CPU = Debug|Any CPU
		Release|Any CPU = Release|Any CPU
	EndGlobalSection
	GlobalSection(ProjectConfigurationPlatforms) = postSolution
		{6A0D22D8-A6E4-429C-AFE8-63B5AAD16854}.Debug|Any CPU.ActiveCfg = Debug|Any CPU
		{6A0D22D8-A6E4-429C-AFE8-63B5AAD16854}.Debug|Any CPU.Build.0 = Debug|Any CPU
		{6A0D22D8-A6E4-429C-AFE8-63B5AAD16854}.Release|Any CPU.ActiveCfg = Release|Any CPU
		{6A0D22D8-A6E4-429C-AFE8-63B5AAD16854}.Release|Any CPU.Build.0 = Release|Any CPU
	EndGlobalSection
	GlobalSection(SolutionProperties) = preSolution
		HideSolutionNode = FALSE
	EndGlobalSection
	GlobalSection(ExtensibilityGlobals) = postSolution
		SolutionGuid = {D0DFC332-42A4-4D11-8983-84F0ABADCCC4}
	EndGlobalSection
EndGlobal
